
Microsoft Visual Studio Solution File, Format Version 12.00
# Visual Studio Version 16
VisualStudioVersion = 16.0.36128.20
MinimumVisualStudioVersion = 10.0.40219.1
Project("{C9674DCB-5085-4A16-B785-4C70DD1589BD}") = "ETL_DW_Northwind", "ETL_DW_Northwind\ETL_DW_Northwind.dtproj", "{723E8D12-894A-4A07-872C-C769479E6042}"
EndProject
Global
	GlobalSection(SolutionConfigurationPlatforms) = preSolution
		Development|Default = Development|Default
	EndGlobalSection
	GlobalSection(ProjectConfigurationPlatforms) = postSolution
		{723E8D12-894A-4A07-872C-C769479E6042}.Development|Default.ActiveCfg = Development
		{723E8D12-894A-4A07-872C-C769479E6042}.Development|Default.Build.0 = Development
	EndGlobalSection
	GlobalSection(SolutionProperties) = preSolution
		HideSolutionNode = FALSE
	EndGlobalSection
	GlobalSection(ExtensibilityGlobals) = postSolution
		SolutionGuid = {C3775CE9-7500-4AAB-8EC5-047C7DBB5DE5}
	EndGlobalSection
EndGlobal
